
Microsoft Visual Studio Solution File, Format Version 12.00
# Visual Studio 2012
Project("{FAE04EC0-301F-11D3-BF4B-00C04F79EFBC}") = "Promises", "Promises.csproj", "{9E2509EE-B8F7-4A3D-A086-2BD74A540437}"
EndProject
Global
	GlobalSection(SolutionConfigurationPlatforms) = preSolution
		Debug|Any CPU = Debug|Any CPU
		Release|Any CPU = Release|Any CPU
	EndGlobalSection
	GlobalSection(ProjectConfigurationPlatforms) = postSolution
		{9E2509EE-B8F7-4A3D-A086-2BD74A540437}.Debug|Any CPU.ActiveCfg = Debug|Any CPU
		{9E2509EE-B8F7-4A3D-A086-2BD74A540437}.Debug|Any CPU.Build.0 = Debug|Any CPU
		{9E2509EE-B8F7-4A3D-A086-2BD74A540437}.Release|Any CPU.ActiveCfg = Release|Any CPU
		{9E2509EE-B8F7-4A3D-A086-2BD74A540437}.Release|Any CPU.Build.0 = Release|Any CPU
	EndGlobalSection
	GlobalSection(SolutionProperties) = preSolution
		HideSolutionNode = FALSE
	EndGlobalSection
EndGlobal
