
Microsoft Visual Studio Solution File, Format Version 12.00
# Visual Studio 2012
Project("{8BC9CEB8-8B4A-11D0-8D11-00A0C91BC942}") = "promises", "promises.vcxproj", "{281DCC13-CDCE-45AF-BC58-90A6AF1D1D2A}"
EndProject
Global
	GlobalSection(SolutionConfigurationPlatforms) = preSolution
		Debug|Win32 = Debug|Win32
		Release|Win32 = Release|Win32
	EndGlobalSection
	GlobalSection(ProjectConfigurationPlatforms) = postSolution
		{281DCC13-CDCE-45AF-BC58-90A6AF1D1D2A}.Debug|Win32.ActiveCfg = Debug|Win32
		{281DCC13-CDCE-45AF-BC58-90A6AF1D1D2A}.Debug|Win32.Build.0 = Debug|Win32
		{281DCC13-CDCE-45AF-BC58-90A6AF1D1D2A}.Release|Win32.ActiveCfg = Release|Win32
		{281DCC13-CDCE-45AF-BC58-90A6AF1D1D2A}.Release|Win32.Build.0 = Release|Win32
	EndGlobalSection
	GlobalSection(SolutionProperties) = preSolution
		HideSolutionNode = FALSE
	EndGlobalSection
EndGlobal
